Microsoft Visual Studio Solution File, Format Version 10.00
# Visual C++ Express 2008
Project("{8BC9CEB8-8B4A-11D0-8D11-00A0C91BC942}") = "WorldServer", "Server\WorldServer\WorldServer.vcproj", "{1C9B7B47-DA52-474F-BC6B-BC35C003267A}"
	ProjectSection(ProjectDependencies) = postProject
		{32084E14-46C9-4D1B-9DAB-4638A0F8B78F} = {32084E14-46C9-4D1B-9DAB-4638A0F8B78F}
		{DDE56431-A25F-49DF-89A0-0BDFA8A11216} = {DDE56431-A25F-49DF-89A0-0BDFA8A11216}
	EndProjectSection
EndProject
Project("{8BC9CEB8-8B4A-11D0-8D11-00A0C91BC942}") = "Network", "Common\Network\Network.vcproj", "{DDE56431-A25F-49DF-89A0-0BDFA8A11216}"
EndProject
Project("{8BC9CEB8-8B4A-11D0-8D11-00A0C91BC942}") = "Utility", "Common\Utility\Utility.vcproj", "{32084E14-46C9-4D1B-9DAB-4638A0F8B78F}"
EndProject
Project("{8BC9CEB8-8B4A-11D0-8D11-00A0C91BC942}") = "LoginServer", "Server\LoginServer\LoginServer.vcproj", "{5CD7AF73-0365-4547-B7E1-CE70AE9D027C}"
	ProjectSection(ProjectDependencies) = postProject
		{32084E14-46C9-4D1B-9DAB-4638A0F8B78F} = {32084E14-46C9-4D1B-9DAB-4638A0F8B78F}
		{DDE56431-A25F-49DF-89A0-0BDFA8A11216} = {DDE56431-A25F-49DF-89A0-0BDFA8A11216}
	EndProjectSection
EndProject
Project("{8BC9CEB8-8B4A-11D0-8D11-00A0C91BC942}") = "DatabaseServer", "Server\DatabaseServer\DatabaseServer.vcproj", "{9A74D36F-3A39-40B7-B20E-21347A693E31}"
	ProjectSection(ProjectDependencies) = postProject
		{32084E14-46C9-4D1B-9DAB-4638A0F8B78F} = {32084E14-46C9-4D1B-9DAB-4638A0F8B78F}
		{DDE56431-A25F-49DF-89A0-0BDFA8A11216} = {DDE56431-A25F-49DF-89A0-0BDFA8A11216}
	EndProjectSection
EndProject
Project("{8BC9CEB8-8B4A-11D0-8D11-00A0C91BC942}") = "TestClient", "Client\TestClient\TestClient.vcproj", "{09DCDA2F-5BA9-469E-8387-5648B4E0E3FE}"
	ProjectSection(ProjectDependencies) = postProject
		{32084E14-46C9-4D1B-9DAB-4638A0F8B78F} = {32084E14-46C9-4D1B-9DAB-4638A0F8B78F}
		{DDE56431-A25F-49DF-89A0-0BDFA8A11216} = {DDE56431-A25F-49DF-89A0-0BDFA8A11216}
	EndProjectSection
EndProject
Project("{8BC9CEB8-8B4A-11D0-8D11-00A0C91BC942}") = "Konstruct", "Client\Konstruct\Konstruct.vcproj", "{9872A110-EA5E-4AD9-A092-BB24C5451595}"
	ProjectSection(ProjectDependencies) = postProject
		{32084E14-46C9-4D1B-9DAB-4638A0F8B78F} = {32084E14-46C9-4D1B-9DAB-4638A0F8B78F}
		{DDE56431-A25F-49DF-89A0-0BDFA8A11216} = {DDE56431-A25F-49DF-89A0-0BDFA8A11216}
		{32915267-D44F-43D0-9A81-A4C5983BE7D5} = {32915267-D44F-43D0-9A81-A4C5983BE7D5}
		{31319DA3-713E-4979-98CC-7469452BB6C7} = {31319DA3-713E-4979-98CC-7469452BB6C7}
		{5CD0ECCA-7650-4F9B-BDB9-E485D6E33CB9} = {5CD0ECCA-7650-4F9B-BDB9-E485D6E33CB9}
	EndProjectSection
EndProject
Project("{8BC9CEB8-8B4A-11D0-8D11-00A0C91BC942}") = "Input", "Common\Input\Input.vcproj", "{5CD0ECCA-7650-4F9B-BDB9-E485D6E33CB9}"
EndProject
Project("{8BC9CEB8-8B4A-11D0-8D11-00A0C91BC942}") = "Graphics", "Common\Graphics\Graphics.vcproj", "{31319DA3-713E-4979-98CC-7469452BB6C7}"
EndProject
Project("{8BC9CEB8-8B4A-11D0-8D11-00A0C91BC942}") = "tinyxml", "External\tinyxml\tinyxml_lib.vcproj", "{32915267-D44F-43D0-9A81-A4C5983BE7D5}"
EndProject
Project("{8BC9CEB8-8B4A-11D0-8D11-00A0C91BC942}") = "SpaceProc", "Client\SpaceProc\SpaceProc.vcproj", "{E9528A7C-5D28-4ECD-AC8D-095917F6A18A}"
	ProjectSection(ProjectDependencies) = postProject
		{32084E14-46C9-4D1B-9DAB-4638A0F8B78F} = {32084E14-46C9-4D1B-9DAB-4638A0F8B78F}
		{E3AC4E44-268A-40D9-8399-322ABF18E028} = {E3AC4E44-268A-40D9-8399-322ABF18E028}
		{32915267-D44F-43D0-9A81-A4C5983BE7D5} = {32915267-D44F-43D0-9A81-A4C5983BE7D5}
		{31319DA3-713E-4979-98CC-7469452BB6C7} = {31319DA3-713E-4979-98CC-7469452BB6C7}
		{5CD0ECCA-7650-4F9B-BDB9-E485D6E33CB9} = {5CD0ECCA-7650-4F9B-BDB9-E485D6E33CB9}
	EndProjectSection
EndProject
Project("{8BC9CEB8-8B4A-11D0-8D11-00A0C91BC942}") = "Procedural", "Common\Procedural\Procedural.vcproj", "{E3AC4E44-268A-40D9-8399-322ABF18E028}"
EndProject
Global
	GlobalSection(SolutionConfigurationPlatforms) = preSolution
		Debug|Win32 = Debug|Win32
		Release|Win32 = Release|Win32
	EndGlobalSection
	GlobalSection(ProjectConfigurationPlatforms) = postSolution
		{1C9B7B47-DA52-474F-BC6B-BC35C003267A}.Debug|Win32.ActiveCfg = Debug|Win32
		{1C9B7B47-DA52-474F-BC6B-BC35C003267A}.Debug|Win32.Build.0 = Debug|Win32
		{1C9B7B47-DA52-474F-BC6B-BC35C003267A}.Release|Win32.ActiveCfg = Release|Win32
		{1C9B7B47-DA52-474F-BC6B-BC35C003267A}.Release|Win32.Build.0 = Release|Win32
		{DDE56431-A25F-49DF-89A0-0BDFA8A11216}.Debug|Win32.ActiveCfg = Debug|Win32
		{DDE56431-A25F-49DF-89A0-0BDFA8A11216}.Debug|Win32.Build.0 = Debug|Win32
		{DDE56431-A25F-49DF-89A0-0BDFA8A11216}.Release|Win32.ActiveCfg = Release|Win32
		{DDE56431-A25F-49DF-89A0-0BDFA8A11216}.Release|Win32.Build.0 = Release|Win32
		{32084E14-46C9-4D1B-9DAB-4638A0F8B78F}.Debug|Win32.ActiveCfg = Debug|Win32
		{32084E14-46C9-4D1B-9DAB-4638A0F8B78F}.Debug|Win32.Build.0 = Debug|Win32
		{32084E14-46C9-4D1B-9DAB-4638A0F8B78F}.Release|Win32.ActiveCfg = Release|Win32
		{32084E14-46C9-4D1B-9DAB-4638A0F8B78F}.Release|Win32.Build.0 = Release|Win32
		{5CD7AF73-0365-4547-B7E1-CE70AE9D027C}.Debug|Win32.ActiveCfg = Debug|Win32
		{5CD7AF73-0365-4547-B7E1-CE70AE9D027C}.Debug|Win32.Build.0 = Debug|Win32
		{5CD7AF73-0365-4547-B7E1-CE70AE9D027C}.Release|Win32.ActiveCfg = Release|Win32
		{5CD7AF73-0365-4547-B7E1-CE70AE9D027C}.Release|Win32.Build.0 = Release|Win32
		{9A74D36F-3A39-40B7-B20E-21347A693E31}.Debug|Win32.ActiveCfg = Debug|Win32
		{9A74D36F-3A39-40B7-B20E-21347A693E31}.Debug|Win32.Build.0 = Debug|Win32
		{9A74D36F-3A39-40B7-B20E-21347A693E31}.Release|Win32.ActiveCfg = Release|Win32
		{9A74D36F-3A39-40B7-B20E-21347A693E31}.Release|Win32.Build.0 = Release|Win32
		{09DCDA2F-5BA9-469E-8387-5648B4E0E3FE}.Debug|Win32.ActiveCfg = Debug|Win32
		{09DCDA2F-5BA9-469E-8387-5648B4E0E3FE}.Debug|Win32.Build.0 = Debug|Win32
		{09DCDA2F-5BA9-469E-8387-5648B4E0E3FE}.Release|Win32.ActiveCfg = Release|Win32
		{09DCDA2F-5BA9-469E-8387-5648B4E0E3FE}.Release|Win32.Build.0 = Release|Win32
		{9872A110-EA5E-4AD9-A092-BB24C5451595}.Debug|Win32.ActiveCfg = Debug|Win32
		{9872A110-EA5E-4AD9-A092-BB24C5451595}.Debug|Win32.Build.0 = Debug|Win32
		{9872A110-EA5E-4AD9-A092-BB24C5451595}.Release|Win32.ActiveCfg = Release|Win32
		{9872A110-EA5E-4AD9-A092-BB24C5451595}.Release|Win32.Build.0 = Release|Win32
		{5CD0ECCA-7650-4F9B-BDB9-E485D6E33CB9}.Debug|Win32.ActiveCfg = Debug|Win32
		{5CD0ECCA-7650-4F9B-BDB9-E485D6E33CB9}.Debug|Win32.Build.0 = Debug|Win32
		{5CD0ECCA-7650-4F9B-BDB9-E485D6E33CB9}.Release|Win32.ActiveCfg = Release|Win32
		{5CD0ECCA-7650-4F9B-BDB9-E485D6E33CB9}.Release|Win32.Build.0 = Release|Win32
		{31319DA3-713E-4979-98CC-7469452BB6C7}.Debug|Win32.ActiveCfg = Debug|Win32
		{31319DA3-713E-4979-98CC-7469452BB6C7}.Debug|Win32.Build.0 = Debug|Win32
		{31319DA3-713E-4979-98CC-7469452BB6C7}.Release|Win32.ActiveCfg = Release|Win32
		{31319DA3-713E-4979-98CC-7469452BB6C7}.Release|Win32.Build.0 = Release|Win32
		{32915267-D44F-43D0-9A81-A4C5983BE7D5}.Debug|Win32.ActiveCfg = Debug|Win32
		{32915267-D44F-43D0-9A81-A4C5983BE7D5}.Debug|Win32.Build.0 = Debug|Win32
		{32915267-D44F-43D0-9A81-A4C5983BE7D5}.Release|Win32.ActiveCfg = Release|Win32
		{32915267-D44F-43D0-9A81-A4C5983BE7D5}.Release|Win32.Build.0 = Release|Win32
		{E9528A7C-5D28-4ECD-AC8D-095917F6A18A}.Debug|Win32.ActiveCfg = Debug|Win32
		{E9528A7C-5D28-4ECD-AC8D-095917F6A18A}.Debug|Win32.Build.0 = Debug|Win32
		{E9528A7C-5D28-4ECD-AC8D-095917F6A18A}.Release|Win32.ActiveCfg = Release|Win32
		{E9528A7C-5D28-4ECD-AC8D-095917F6A18A}.Release|Win32.Build.0 = Release|Win32
		{E3AC4E44-268A-40D9-8399-322ABF18E028}.Debug|Win32.ActiveCfg = Debug|Win32
		{E3AC4E44-268A-40D9-8399-322ABF18E028}.Debug|Win32.Build.0 = Debug|Win32
		{E3AC4E44-268A-40D9-8399-322ABF18E028}.Release|Win32.ActiveCfg = Release|Win32
		{E3AC4E44-268A-40D9-8399-322ABF18E028}.Release|Win32.Build.0 = Release|Win32
	EndGlobalSection
	GlobalSection(SolutionProperties) = preSolution
		HideSolutionNode = FALSE
	EndGlobalSection
EndGlobal
